<?xml version="1.0" encoding="UTF-8"?>
<CodeBlocks_project_file>
	<FileVersion major="1" minor="6"/>
	<Project>
		<Option title="ds"/>
		<Option makefile_is_custom="1"/>
		<Option compiler="clang"/>
		<Option virtualFolders="CMake Files\;CMake Files\ds\;CMake Files\deps\;CMake Files\deps\googletest\;CMake Files\deps\googletest\cmake\;"/>
		<Build>
			<Target title="all">
				<Option working_dir="/Users/briankeane/code/learn/dataStructs/ds"/>
				<Option type="4"/>
				<MakeCommands>
					<Build command="/usr/bin/make -j4 -f &quot;/Users/briankeane/code/learn/dataStructs/ds/Makefile&quot;  VERBOSE=1 all"/>
					<CompileFile command="/usr/bin/make -j4 -f &quot;/Users/briankeane/code/learn/dataStructs/ds/Makefile&quot;  VERBOSE=1 &quot;$file&quot;"/>
					<Clean command="/usr/bin/make -j4 -f &quot;/Users/briankeane/code/learn/dataStructs/ds/Makefile&quot;  VERBOSE=1 clean"/>
					<DistClean command="/usr/bin/make -j4 -f &quot;/Users/briankeane/code/learn/dataStructs/ds/Makefile&quot;  VERBOSE=1 clean"/>
				</MakeCommands>
			</Target>
			<Target title="ds">
				<Option output="/Users/briankeane/code/learn/dataStructs/ds/libds.a" prefix_auto="0" extension_auto="0"/>
				<Option working_dir="/Users/briankeane/code/learn/dataStructs/ds"/>
				<Option object_output="./"/>
				<Option type="2"/>
				<Option compiler="clang"/>
				<Compiler>
					<Add directory="/Users/briankeane/code/learn/dataStructs/ds/include"/>
					<Add directory="/usr/local/include"/>
					<Add directory="/Applications/Xcode.app/Contents/Developer/Toolchains/XcodeDefault.xctoolchain/usr/bin/../lib/clang/8.0.0/include"/>
					<Add directory="/Applications/Xcode.app/Contents/Developer/Toolchains/XcodeDefault.xctoolchain/usr/include"/>
					<Add directory="/usr/include"/>
					<Add directory="/System/Library/Frameworks"/>
					<Add directory="/Library/Frameworks"/>
					<Add directory="/Applications/Xcode.app/Contents/Developer/Toolchains/XcodeDefault.xctoolchain/usr/bin/../include/c++/v1"/>
				</Compiler>
				<MakeCommands>
					<Build command="/usr/bin/make -j4 -f &quot;/Users/briankeane/code/learn/dataStructs/ds/Makefile&quot;  VERBOSE=1 ds"/>
					<CompileFile command="/usr/bin/make -j4 -f &quot;/Users/briankeane/code/learn/dataStructs/ds/Makefile&quot;  VERBOSE=1 &quot;$file&quot;"/>
					<Clean command="/usr/bin/make -j4 -f &quot;/Users/briankeane/code/learn/dataStructs/ds/Makefile&quot;  VERBOSE=1 clean"/>
					<DistClean command="/usr/bin/make -j4 -f &quot;/Users/briankeane/code/learn/dataStructs/ds/Makefile&quot;  VERBOSE=1 clean"/>
				</MakeCommands>
			</Target>
			<Target title="ds/fast">
				<Option output="/Users/briankeane/code/learn/dataStructs/ds/libds.a" prefix_auto="0" extension_auto="0"/>
				<Option working_dir="/Users/briankeane/code/learn/dataStructs/ds"/>
				<Option object_output="./"/>
				<Option type="2"/>
				<Option compiler="clang"/>
				<Compiler>
					<Add directory="/Users/briankeane/code/learn/dataStructs/ds/include"/>
					<Add directory="/usr/local/include"/>
					<Add directory="/Applications/Xcode.app/Contents/Developer/Toolchains/XcodeDefault.xctoolchain/usr/bin/../lib/clang/8.0.0/include"/>
					<Add directory="/Applications/Xcode.app/Contents/Developer/Toolchains/XcodeDefault.xctoolchain/usr/include"/>
					<Add directory="/usr/include"/>
					<Add directory="/System/Library/Frameworks"/>
					<Add directory="/Library/Frameworks"/>
					<Add directory="/Applications/Xcode.app/Contents/Developer/Toolchains/XcodeDefault.xctoolchain/usr/bin/../include/c++/v1"/>
				</Compiler>
				<MakeCommands>
					<Build command="/usr/bin/make -j4 -f &quot;/Users/briankeane/code/learn/dataStructs/ds/Makefile&quot;  VERBOSE=1 ds/fast"/>
					<CompileFile command="/usr/bin/make -j4 -f &quot;/Users/briankeane/code/learn/dataStructs/ds/Makefile&quot;  VERBOSE=1 &quot;$file&quot;"/>
					<Clean command="/usr/bin/make -j4 -f &quot;/Users/briankeane/code/learn/dataStructs/ds/Makefile&quot;  VERBOSE=1 clean"/>
					<DistClean command="/usr/bin/make -j4 -f &quot;/Users/briankeane/code/learn/dataStructs/ds/Makefile&quot;  VERBOSE=1 clean"/>
				</MakeCommands>
			</Target>
		</Build>
		<Unit filename="/Users/briankeane/code/learn/dataStructs/ds/include/Queue/CircularQueue.hpp">
			<Option target="ds"/>
		</Unit>
		<Unit filename="/Users/briankeane/code/learn/dataStructs/ds/include/Queue/Queue.hpp">
			<Option target="ds"/>
		</Unit>
		<Unit filename="/Users/briankeane/code/learn/dataStructs/ds/include/Queue/StackQueue.hpp">
			<Option target="ds"/>
		</Unit>
		<Unit filename="/Users/briankeane/code/learn/dataStructs/ds/include/Sort/Sort.h">
			<Option target="ds"/>
		</Unit>
		<Unit filename="/Users/briankeane/code/learn/dataStructs/ds/include/Stack/ExpressionValidator.hpp">
			<Option target="ds"/>
		</Unit>
		<Unit filename="/Users/briankeane/code/learn/dataStructs/ds/include/Stack/MinimumStack.hpp">
			<Option target="ds"/>
		</Unit>
		<Unit filename="/Users/briankeane/code/learn/dataStructs/ds/include/Stack/Stack.hpp">
			<Option target="ds"/>
		</Unit>
		<Unit filename="/Users/briankeane/code/learn/dataStructs/ds/include/Tree/BinarySearchTree.h">
			<Option target="ds"/>
		</Unit>
		<Unit filename="/Users/briankeane/code/learn/dataStructs/ds/include/Tree/Tree.hpp">
			<Option target="ds"/>
		</Unit>
		<Unit filename="/Users/briankeane/code/learn/dataStructs/ds/src/Sort/Sort.cpp">
			<Option target="ds"/>
		</Unit>
		<Unit filename="/Users/briankeane/code/learn/dataStructs/ds/src/Stack/ExpressionValidator.cpp">
			<Option target="ds"/>
		</Unit>
		<Unit filename="/Users/briankeane/code/learn/dataStructs/ds/src/Stack/MinimumStack.cpp">
			<Option target="ds"/>
		</Unit>
		<Unit filename="/Users/briankeane/code/learn/dataStructs/ds/src/Tree/BinarySearchTree.cpp">
			<Option target="ds"/>
		</Unit>
		<Unit filename="/Users/briankeane/code/learn/dataStructs/CMakeLists.txt">
			<Option virtualFolder="CMake Files\"/>
		</Unit>
		<Unit filename="/Users/briankeane/code/learn/dataStructs/ds/CMakeLists.txt">
			<Option virtualFolder="CMake Files\ds\"/>
		</Unit>
		<Unit filename="/Users/briankeane/code/learn/dataStructs/ds/CMakeLists.txt">
			<Option virtualFolder="CMake Files\ds\"/>
		</Unit>
		<Unit filename="/Users/briankeane/code/learn/dataStructs/deps/googletest/CMakeLists.txt">
			<Option virtualFolder="CMake Files\deps\googletest\"/>
		</Unit>
		<Unit filename="/Users/briankeane/code/learn/dataStructs/deps/googletest/CMakeLists.txt">
			<Option virtualFolder="CMake Files\deps\googletest\"/>
		</Unit>
		<Unit filename="/Users/briankeane/code/learn/dataStructs/deps/googletest/cmake/internal_utils.cmake">
			<Option virtualFolder="CMake Files\deps\googletest\cmake\"/>
		</Unit>
		<Unit filename="/Users/briankeane/code/learn/dataStructs/deps/googletest/cmake/internal_utils.cmake">
			<Option virtualFolder="CMake Files\deps\googletest\cmake\"/>
		</Unit>
	</Project>
</CodeBlocks_project_file>
